// !$*UTF8*$!
{
	archiveVersion = 1;
	classes = {
	};
	objectVersion = 46;
	objects = {

/* Begin PBXBuildFile section */
		E74033891617F5E100ED2B14 /* QuartzCore.framework in Frameworks */ = {isa = PBXBuildFile; fileRef = E74033881617F5E100ED2B14 /* QuartzCore.framework */; };
		E78FAFF01582E0B700B00179 /* MailEditViewController.m in Sources */ = {isa = PBXBuildFile; fileRef = E78FAFEF1582E0B700B00179 /* MailEditViewController.m */; };
		E7A0001C15BA63F20083BDC5 /* AddNewWordViewController.m in Sources */ = {isa = PBXBuildFile; fileRef = E7A0001B15BA63F20083BDC5 /* AddNewWordViewController.m */; };
		E7A08A8215F3950400F6F4D4 /* AppleMan.png in Resources */ = {isa = PBXBuildFile; fileRef = E7A08A8015F3950400F6F4D4 /* AppleMan.png */; };
		E7A08A8315F3950400F6F4D4 /* AppleMan_Retina.png in Resources */ = {isa = PBXBuildFile; fileRef = E7A08A8115F3950400F6F4D4 /* AppleMan_Retina.png */; };
		E7A08A8615F3950F00F6F4D4 /* paper.png in Resources */ = {isa = PBXBuildFile; fileRef = E7A08A8515F3950F00F6F4D4 /* paper.png */; };
		E7A9027A158E093F00039240 /* WordViewController.m in Sources */ = {isa = PBXBuildFile; fileRef = E7A90279158E093F00039240 /* WordViewController.m */; };
		E7E43CA7158268C50032C411 /* UIKit.framework in Frameworks */ = {isa = PBXBuildFile; fileRef = E7E43CA6158268C50032C411 /* UIKit.framework */; };
		E7E43CA9158268C50032C411 /* Foundation.framework in Frameworks */ = {isa = PBXBuildFile; fileRef = E7E43CA8158268C50032C411 /* Foundation.framework */; };
		E7E43CAB158268C50032C411 /* CoreGraphics.framework in Frameworks */ = {isa = PBXBuildFile; fileRef = E7E43CAA158268C50032C411 /* CoreGraphics.framework */; };
		E7E43CB1158268C60032C411 /* InfoPlist.strings in Resources */ = {isa = PBXBuildFile; fileRef = E7E43CAF158268C60032C411 /* InfoPlist.strings */; };
		E7E43CB3158268C60032C411 /* main.m in Sources */ = {isa = PBXBuildFile; fileRef = E7E43CB2158268C60032C411 /* main.m */; };
		E7E43CB7158268C60032C411 /* AppDelegate.m in Sources */ = {isa = PBXBuildFile; fileRef = E7E43CB6158268C60032C411 /* AppDelegate.m */; };
		E7E43CBF158268C70032C411 /* SenTestingKit.framework in Frameworks */ = {isa = PBXBuildFile; fileRef = E7E43CBE158268C70032C411 /* SenTestingKit.framework */; };
		E7E43CC0158268C70032C411 /* UIKit.framework in Frameworks */ = {isa = PBXBuildFile; fileRef = E7E43CA6158268C50032C411 /* UIKit.framework */; };
		E7E43CC1158268C70032C411 /* Foundation.framework in Frameworks */ = {isa = PBXBuildFile; fileRef = E7E43CA8158268C50032C411 /* Foundation.framework */; };
		E7E43CC9158268C70032C411 /* InfoPlist.strings in Resources */ = {isa = PBXBuildFile; fileRef = E7E43CC7158268C70032C411 /* InfoPlist.strings */; };
		E7E43CCC158268C80032C411 /* FlickMailTests.m in Sources */ = {isa = PBXBuildFile; fileRef = E7E43CCB158268C80032C411 /* FlickMailTests.m */; };
		E7F3F5FA1584CB4A00F503E1 /* MessageUI.framework in Frameworks */ = {isa = PBXBuildFile; fileRef = E7F3F5F91584CB4A00F503E1 /* MessageUI.framework */; };
/* End PBXBuildFile section */

/* Begin PBXContainerItemProxy section */
		E7E43CC2158268C70032C411 /* PBXContainerItemProxy */ = {
			isa = PBXContainerItemProxy;
			containerPortal = E7E43C99158268C40032C411 /* Project object */;
			proxyType = 1;
			remoteGlobalIDString = E7E43CA1158268C50032C411;
			remoteInfo = FlickMail;
		};
/* End PBXContainerItemProxy section */

/* Begin PBXFileReference section */
		E74033881617F5E100ED2B14 /* QuartzCore.framework */ = {isa = PBXFileReference; lastKnownFileType = wrapper.framework; name = QuartzCore.framework; path = System/Library/Frameworks/QuartzCore.framework; sourceTree = SDKROOT; };
		E78FAFEE1582E0B700B00179 /* MailEditViewController.h */ = {isa = PBXFileReference; fileEncoding = 4; lastKnownFileType = sourcecode.c.h; path = MailEditViewController.h; sourceTree = "<group>"; };
		E78FAFEF1582E0B700B00179 /* MailEditViewController.m */ = {isa = PBXFileReference; fileEncoding = 4; lastKnownFileType = sourcecode.c.objc; path = MailEditViewController.m; sourceTree = "<group>"; };
		E7A0001A15BA63F20083BDC5 /* AddNewWordViewController.h */ = {isa = PBXFileReference; fileEncoding = 4; lastKnownFileType = sourcecode.c.h; path = AddNewWordViewController.h; sourceTree = "<group>"; };
		E7A0001B15BA63F20083BDC5 /* AddNewWordViewController.m */ = {isa = PBXFileReference; fileEncoding = 4; lastKnownFileType = sourcecode.c.objc; path = AddNewWordViewController.m; sourceTree = "<group>"; };
		E7A08A8015F3950400F6F4D4 /* AppleMan.png */ = {isa = PBXFileReference; lastKnownFileType = image.png; path = AppleMan.png; sourceTree = "<group>"; };
		E7A08A8115F3950400F6F4D4 /* AppleMan_Retina.png */ = {isa = PBXFileReference; lastKnownFileType = image.png; path = AppleMan_Retina.png; sourceTree = "<group>"; };
		E7A08A8515F3950F00F6F4D4 /* paper.png */ = {isa = PBXFileReference; lastKnownFileType = image.png; path = paper.png; sourceTree = "<group>"; };
		E7A90278158E093F00039240 /* WordViewController.h */ = {isa = PBXFileReference; fileEncoding = 4; lastKnownFileType = sourcecode.c.h; path = WordViewController.h; sourceTree = "<group>"; };
		E7A90279158E093F00039240 /* WordViewController.m */ = {isa = PBXFileReference; fileEncoding = 4; lastKnownFileType = sourcecode.c.objc; path = WordViewController.m; sourceTree = "<group>"; };
		E7E43CA2158268C50032C411 /* FlickMail.app */ = {isa = PBXFileReference; explicitFileType = wrapper.application; includeInIndex = 0; path = FlickMail.app; sourceTree = BUILT_PRODUCTS_DIR; };
		E7E43CA6158268C50032C411 /* UIKit.framework */ = {isa = PBXFileReference; lastKnownFileType = wrapper.framework; name = UIKit.framework; path = System/Library/Frameworks/UIKit.framework; sourceTree = SDKROOT; };
		E7E43CA8158268C50032C411 /* Foundation.framework */ = {isa = PBXFileReference; lastKnownFileType = wrapper.framework; name = Foundation.framework; path = System/Library/Frameworks/Foundation.framework; sourceTree = SDKROOT; };
		E7E43CAA158268C50032C411 /* CoreGraphics.framework */ = {isa = PBXFileReference; lastKnownFileType = wrapper.framework; name = CoreGraphics.framework; path = System/Library/Frameworks/CoreGraphics.framework; sourceTree = SDKROOT; };
		E7E43CAE158268C50032C411 /* FlickMail-Info.plist */ = {isa = PBXFileReference; lastKnownFileType = text.plist.xml; path = "FlickMail-Info.plist"; sourceTree = "<group>"; };
		E7E43CB0158268C60032C411 /* en */ = {isa = PBXFileReference; lastKnownFileType = text.plist.strings; name = en; path = en.lproj/InfoPlist.strings; sourceTree = "<group>"; };
		E7E43CB2158268C60032C411 /* main.m */ = {isa = PBXFileReference; lastKnownFileType = sourcecode.c.objc; path = main.m; sourceTree = "<group>"; };
		E7E43CB4158268C60032C411 /* FlickMail-Prefix.pch */ = {isa = PBXFileReference; lastKnownFileType = sourcecode.c.h; path = "FlickMail-Prefix.pch"; sourceTree = "<group>"; };
		E7E43CB5158268C60032C411 /* AppDelegate.h */ = {isa = PBXFileReference; lastKnownFileType = sourcecode.c.h; path = AppDelegate.h; sourceTree = "<group>"; };
		E7E43CB6158268C60032C411 /* AppDelegate.m */ = {isa = PBXFileReference; lastKnownFileType = sourcecode.c.objc; path = AppDelegate.m; sourceTree = "<group>"; };
		E7E43CBD158268C70032C411 /* FlickMailTests.octest */ = {isa = PBXFileReference; explicitFileType = wrapper.cfbundle; includeInIndex = 0; path = FlickMailTests.octest; sourceTree = BUILT_PRODUCTS_DIR; };
		E7E43CBE158268C70032C411 /* SenTestingKit.framework */ = {isa = PBXFileReference; lastKnownFileType = wrapper.framework; name = SenTestingKit.framework; path = Library/Frameworks/SenTestingKit.framework; sourceTree = DEVELOPER_DIR; };
		E7E43CC6158268C70032C411 /* FlickMailTests-Info.plist */ = {isa = PBXFileReference; lastKnownFileType = text.plist.xml; path = "FlickMailTests-Info.plist"; sourceTree = "<group>"; };
		E7E43CC8158268C70032C411 /* en */ = {isa = PBXFileReference; lastKnownFileType = text.plist.strings; name = en; path = en.lproj/InfoPlist.strings; sourceTree = "<group>"; };
		E7E43CCA158268C70032C411 /* FlickMailTests.h */ = {isa = PBXFileReference; lastKnownFileType = sourcecode.c.h; path = FlickMailTests.h; sourceTree = "<group>"; };
		E7E43CCB158268C80032C411 /* FlickMailTests.m */ = {isa = PBXFileReference; lastKnownFileType = sourcecode.c.objc; path = FlickMailTests.m; sourceTree = "<group>"; };
		E7F3F5F91584CB4A00F503E1 /* MessageUI.framework */ = {isa = PBXFileReference; lastKnownFileType = wrapper.framework; name = MessageUI.framework; path = System/Library/Frameworks/MessageUI.framework; sourceTree = SDKROOT; };
/* End PBXFileReference section */

/* Begin PBXFrameworksBuildPhase section */
		E7E43C9F158268C50032C411 /* Frameworks */ = {
			isa = PBXFrameworksBuildPhase;
			buildActionMask = 2147483647;
			files = (
				E74033891617F5E100ED2B14 /* QuartzCore.framework in Frameworks */,
				E7F3F5FA1584CB4A00F503E1 /* MessageUI.framework in Frameworks */,
				E7E43CA7158268C50032C411 /* UIKit.framework in Frameworks */,
				E7E43CA9158268C50032C411 /* Foundation.framework in Frameworks */,
				E7E43CAB158268C50032C411 /* CoreGraphics.framework in Frameworks */,
			);
			runOnlyForDeploymentPostprocessing = 0;
		};
		E7E43CB9158268C70032C411 /* Frameworks */ = {
			isa = PBXFrameworksBuildPhase;
			buildActionMask = 2147483647;
			files = (
				E7E43CBF158268C70032C411 /* SenTestingKit.framework in Frameworks */,
				E7E43CC0158268C70032C411 /* UIKit.framework in Frameworks */,
				E7E43CC1158268C70032C411 /* Foundation.framework in Frameworks */,
			);
			runOnlyForDeploymentPostprocessing = 0;
		};
/* End PBXFrameworksBuildPhase section */

/* Begin PBXGroup section */
		E7A08A7F15F3950400F6F4D4 /* icons */ = {
			isa = PBXGroup;
			children = (
				E7A08A8015F3950400F6F4D4 /* AppleMan.png */,
				E7A08A8115F3950400F6F4D4 /* AppleMan_Retina.png */,
			);
			path = icons;
			sourceTree = "<group>";
		};
		E7A08A8415F3950F00F6F4D4 /* images */ = {
			isa = PBXGroup;
			children = (
				E7A08A8515F3950F00F6F4D4 /* paper.png */,
			);
			path = images;
			sourceTree = "<group>";
		};
		E7E43C97158268C40032C411 = {
			isa = PBXGroup;
			children = (
				E7A08A7F15F3950400F6F4D4 /* icons */,
				E7A08A8415F3950F00F6F4D4 /* images */,
				E7E43CAC158268C50032C411 /* FlickMail */,
				E7E43CC4158268C70032C411 /* FlickMailTests */,
				E7E43CA5158268C50032C411 /* Frameworks */,
				E7E43CA3158268C50032C411 /* Products */,
			);
			sourceTree = "<group>";
		};
		E7E43CA3158268C50032C411 /* Products */ = {
			isa = PBXGroup;
			children = (
				E7E43CA2158268C50032C411 /* FlickMail.app */,
				E7E43CBD158268C70032C411 /* FlickMailTests.octest */,
			);
			name = Products;
			sourceTree = "<group>";
		};
		E7E43CA5158268C50032C411 /* Frameworks */ = {
			isa = PBXGroup;
			children = (
				E74033881617F5E100ED2B14 /* QuartzCore.framework */,
				E7F3F5F91584CB4A00F503E1 /* MessageUI.framework */,
				E7E43CA6158268C50032C411 /* UIKit.framework */,
				E7E43CA8158268C50032C411 /* Foundation.framework */,
				E7E43CAA158268C50032C411 /* CoreGraphics.framework */,
				E7E43CBE158268C70032C411 /* SenTestingKit.framework */,
			);
			name = Frameworks;
			sourceTree = "<group>";
		};
		E7E43CAC158268C50032C411 /* FlickMail */ = {
			isa = PBXGroup;
			children = (
				E7E43CB5158268C60032C411 /* AppDelegate.h */,
				E7E43CB6158268C60032C411 /* AppDelegate.m */,
				E78FAFEE1582E0B700B00179 /* MailEditViewController.h */,
				E78FAFEF1582E0B700B00179 /* MailEditViewController.m */,
				E7A90278158E093F00039240 /* WordViewController.h */,
				E7A90279158E093F00039240 /* WordViewController.m */,
				E7A0001A15BA63F20083BDC5 /* AddNewWordViewController.h */,
				E7A0001B15BA63F20083BDC5 /* AddNewWordViewController.m */,
				E7E43CAD158268C50032C411 /* Supporting Files */,
			);
			path = FlickMail;
			sourceTree = "<group>";
		};
		E7E43CAD158268C50032C411 /* Supporting Files */ = {
			isa = PBXGroup;
			children = (
				E7E43CAE158268C50032C411 /* FlickMail-Info.plist */,
				E7E43CAF158268C60032C411 /* InfoPlist.strings */,
				E7E43CB2158268C60032C411 /* main.m */,
				E7E43CB4158268C60032C411 /* FlickMail-Prefix.pch */,
			);
			name = "Supporting Files";
			sourceTree = "<group>";
		};
		E7E43CC4158268C70032C411 /* FlickMailTests */ = {
			isa = PBXGroup;
			children = (
				E7E43CCA158268C70032C411 /* FlickMailTests.h */,
				E7E43CCB158268C80032C411 /* FlickMailTests.m */,
				E7E43CC5158268C70032C411 /* Supporting Files */,
			);
			path = FlickMailTests;
			sourceTree = "<group>";
		};
		E7E43CC5158268C70032C411 /* Supporting Files */ = {
			isa = PBXGroup;
			children = (
				E7E43CC6158268C70032C411 /* FlickMailTests-Info.plist */,
				E7E43CC7158268C70032C411 /* InfoPlist.strings */,
			);
			name = "Supporting Files";
			sourceTree = "<group>";
		};
/* End PBXGroup section */

/* Begin PBXNativeTarget section */
		E7E43CA1158268C50032C411 /* FlickMail */ = {
			isa = PBXNativeTarget;
			buildConfigurationList = E7E43CCF158268C80032C411 /* Build configuration list for PBXNativeTarget "FlickMail" */;
			buildPhases = (
				E7E43C9E158268C50032C411 /* Sources */,
				E7E43C9F158268C50032C411 /* Frameworks */,
				E7E43CA0158268C50032C411 /* Resources */,
			);
			buildRules = (
			);
			dependencies = (
			);
			name = FlickMail;
			productName = FlickMail;
			productReference = E7E43CA2158268C50032C411 /* FlickMail.app */;
			productType = "com.apple.product-type.application";
		};
		E7E43CBC158268C70032C411 /* FlickMailTests */ = {
			isa = PBXNativeTarget;
			buildConfigurationList = E7E43CD2158268C80032C411 /* Build configuration list for PBXNativeTarget "FlickMailTests" */;
			buildPhases = (
				E7E43CB8158268C70032C411 /* Sources */,
				E7E43CB9158268C70032C411 /* Frameworks */,
				E7E43CBA158268C70032C411 /* Resources */,
				E7E43CBB158268C70032C411 /* ShellScript */,
			);
			buildRules = (
			);
			dependencies = (
				E7E43CC3158268C70032C411 /* PBXTargetDependency */,
			);
			name = FlickMailTests;
			productName = FlickMailTests;
			productReference = E7E43CBD158268C70032C411 /* FlickMailTests.octest */;
			productType = "com.apple.product-type.bundle";
		};
/* End PBXNativeTarget section */

/* Begin PBXProject section */
		E7E43C99158268C40032C411 /* Project object */ = {
			isa = PBXProject;
			attributes = {
				LastUpgradeCheck = 0430;
			};
			buildConfigurationList = E7E43C9C158268C40032C411 /* Build configuration list for PBXProject "FlickMail" */;
			compatibilityVersion = "Xcode 3.2";
			developmentRegion = English;
			hasScannedForEncodings = 0;
			knownRegions = (
				en,
			);
			mainGroup = E7E43C97158268C40032C411;
			productRefGroup = E7E43CA3158268C50032C411 /* Products */;
			projectDirPath = "";
			projectRoot = "";
			targets = (
				E7E43CA1158268C50032C411 /* FlickMail */,
				E7E43CBC158268C70032C411 /* FlickMailTests */,
			);
		};
/* End PBXProject section */

/* Begin PBXResourcesBuildPhase section */
		E7E43CA0158268C50032C411 /* Resources */ = {
			isa = PBXResourcesBuildPhase;
			buildActionMask = 2147483647;
			files = (
				E7E43CB1158268C60032C411 /* InfoPlist.strings in Resources */,
				E7A08A8215F3950400F6F4D4 /* AppleMan.png in Resources */,
				E7A08A8315F3950400F6F4D4 /* AppleMan_Retina.png in Resources */,
				E7A08A8615F3950F00F6F4D4 /* paper.png in Resources */,
			);
			runOnlyForDeploymentPostprocessing = 0;
		};
		E7E43CBA158268C70032C411 /* Resources */ = {
			isa = PBXResourcesBuildPhase;
			buildActionMask = 2147483647;
			files = (
				E7E43CC9158268C70032C411 /* InfoPlist.strings in Resources */,
			);
			runOnlyForDeploymentPostprocessing = 0;
		};
/* End PBXResourcesBuildPhase section */

/* Begin PBXShellScriptBuildPhase section */
		E7E43CBB158268C70032C411 /* ShellScript */ = {
			isa = PBXShellScriptBuildPhase;
			buildActionMask = 2147483647;
			files = (
			);
			inputPaths = (
			);
			outputPaths = (
			);
			runOnlyForDeploymentPostprocessing = 0;
			shellPath = /bin/sh;
			shellScript = "# Run the unit tests in this test bundle.\n\"${SYSTEM_DEVELOPER_DIR}/Tools/RunUnitTests\"\n";
		};
/* End PBXShellScriptBuildPhase section */

/* Begin PBXSourcesBuildPhase section */
		E7E43C9E158268C50032C411 /* Sources */ = {
			isa = PBXSourcesBuildPhase;
			buildActionMask = 2147483647;
			files = (
				E7E43CB3158268C60032C411 /* main.m in Sources */,
				E7E43CB7158268C60032C411 /* AppDelegate.m in Sources */,
				E78FAFF01582E0B700B00179 /* MailEditViewController.m in Sources */,
				E7A9027A158E093F00039240 /* WordViewController.m in Sources */,
				E7A0001C15BA63F20083BDC5 /* AddNewWordViewController.m in Sources */,
			);
			runOnlyForDeploymentPostprocessing = 0;
		};
		E7E43CB8158268C70032C411 /* Sources */ = {
			isa = PBXSourcesBuildPhase;
			buildActionMask = 2147483647;
			files = (
				E7E43CCC158268C80032C411 /* FlickMailTests.m in Sources */,
			);
			runOnlyForDeploymentPostprocessing = 0;
		};
/* End PBXSourcesBuildPhase section */

/* Begin PBXTargetDependency section */
		E7E43CC3158268C70032C411 /* PBXTargetDependency */ = {
			isa = PBXTargetDependency;
			target = E7E43CA1158268C50032C411 /* FlickMail */;
			targetProxy = E7E43CC2158268C70032C411 /* PBXContainerItemProxy */;
		};
/* End PBXTargetDependency section */

/* Begin PBXVariantGroup section */
		E7E43CAF158268C60032C411 /* InfoPlist.strings */ = {
			isa = PBXVariantGroup;
			children = (
				E7E43CB0158268C60032C411 /* en */,
			);
			name = InfoPlist.strings;
			sourceTree = "<group>";
		};
		E7E43CC7158268C70032C411 /* InfoPlist.strings */ = {
			isa = PBXVariantGroup;
			children = (
				E7E43CC8158268C70032C411 /* en */,
			);
			name = InfoPlist.strings;
			sourceTree = "<group>";
		};
/* End PBXVariantGroup section */

/* Begin XCBuildConfiguration section */
		E7E43CCD158268C80032C411 /* Debug */ = {
			isa = XCBuildConfiguration;
			buildSettings = {
				ALWAYS_SEARCH_USER_PATHS = NO;
				ARCHS = "$(ARCHS_STANDARD_32_BIT)";
				CLANG_ENABLE_OBJC_ARC = YES;
				"CODE_SIGN_IDENTITY[sdk=iphoneos*]" = "iPhone Developer";
				COPY_PHASE_STRIP = NO;
				GCC_C_LANGUAGE_STANDARD = gnu99;
				GCC_DYNAMIC_NO_PIC = NO;
				GCC_OPTIMIZATION_LEVEL = 0;
				GCC_PREPROCESSOR_DEFINITIONS = (
					"DEBUG=1",
					"$(inherited)",
				);
				GCC_SYMBOLS_PRIVATE_EXTERN = NO;
				GCC_VERSION = com.apple.compilers.llvm.clang.1_0;
				GCC_WARN_ABOUT_RETURN_TYPE = YES;
				GCC_WARN_UNINITIALIZED_AUTOS = YES;
				GCC_WARN_UNUSED_VARIABLE = YES;
				IPHONEOS_DEPLOYMENT_TARGET = 6.0;
				SDKROOT = iphoneos;
			};
			name = Debug;
		};
		E7E43CCE158268C80032C411 /* Release */ = {
			isa = XCBuildConfiguration;
			buildSettings = {
				ALWAYS_SEARCH_USER_PATHS = NO;
				ARCHS = "$(ARCHS_STANDARD_32_BIT)";
				CLANG_ENABLE_OBJC_ARC = YES;
				"CODE_SIGN_IDENTITY[sdk=iphoneos*]" = "iPhone Developer";
				COPY_PHASE_STRIP = YES;
				GCC_C_LANGUAGE_STANDARD = gnu99;
				GCC_VERSION = com.apple.compilers.llvm.clang.1_0;
				GCC_WARN_ABOUT_RETURN_TYPE = YES;
				GCC_WARN_UNINITIALIZED_AUTOS = YES;
				GCC_WARN_UNUSED_VARIABLE = YES;
				IPHONEOS_DEPLOYMENT_TARGET = 6.0;
				OTHER_CFLAGS = "-DNS_BLOCK_ASSERTIONS=1";
				SDKROOT = iphoneos;
				VALIDATE_PRODUCT = YES;
			};
			name = Release;
		};
		E7E43CD0158268C80032C411 /* Debug */ = {
			isa = XCBuildConfiguration;
			buildSettings = {
				GCC_PRECOMPILE_PREFIX_HEADER = YES;
				GCC_PREFIX_HEADER = "FlickMail/FlickMail-Prefix.pch";
				INFOPLIST_FILE = "FlickMail/FlickMail-Info.plist";
				IPHONEOS_DEPLOYMENT_TARGET = 6.0;
				PRODUCT_NAME = "$(TARGET_NAME)";
				TARGETED_DEVICE_FAMILY = 1;
				WRAPPER_EXTENSION = app;
			};
			name = Debug;
		};
		E7E43CD1158268C80032C411 /* Release */ = {
			isa = XCBuildConfiguration;
			buildSettings = {
				GCC_PRECOMPILE_PREFIX_HEADER = YES;
				GCC_PREFIX_HEADER = "FlickMail/FlickMail-Prefix.pch";
				INFOPLIST_FILE = "FlickMail/FlickMail-Info.plist";
				IPHONEOS_DEPLOYMENT_TARGET = 6.0;
				PRODUCT_NAME = "$(TARGET_NAME)";
				TARGETED_DEVICE_FAMILY = 1;
				WRAPPER_EXTENSION = app;
			};
			name = Release;
		};
		E7E43CD3158268C80032C411 /* Debug */ = {
			isa = XCBuildConfiguration;
			buildSettings = {
				BUNDLE_LOADER = "$(BUILT_PRODUCTS_DIR)/FlickMail.app/FlickMail";
				FRAMEWORK_SEARCH_PATHS = (
					"$(SDKROOT)/Developer/Library/Frameworks",
					"$(DEVELOPER_LIBRARY_DIR)/Frameworks",
				);
				GCC_PRECOMPILE_PREFIX_HEADER = YES;
				GCC_PREFIX_HEADER = "FlickMail/FlickMail-Prefix.pch";
				INFOPLIST_FILE = "FlickMailTests/FlickMailTests-Info.plist";
				PRODUCT_NAME = "$(TARGET_NAME)";
				TEST_HOST = "$(BUNDLE_LOADER)";
				WRAPPER_EXTENSION = octest;
			};
			name = Debug;
		};
		E7E43CD4158268C80032C411 /* Release */ = {
			isa = XCBuildConfiguration;
			buildSettings = {
				BUNDLE_LOADER = "$(BUILT_PRODUCTS_DIR)/FlickMail.app/FlickMail";
				FRAMEWORK_SEARCH_PATHS = (
					"$(SDKROOT)/Developer/Library/Frameworks",
					"$(DEVELOPER_LIBRARY_DIR)/Frameworks",
				);
				GCC_PRECOMPILE_PREFIX_HEADER = YES;
				GCC_PREFIX_HEADER = "FlickMail/FlickMail-Prefix.pch";
				INFOPLIST_FILE = "FlickMailTests/FlickMailTests-Info.plist";
				PRODUCT_NAME = "$(TARGET_NAME)";
				TEST_HOST = "$(BUNDLE_LOADER)";
				WRAPPER_EXTENSION = octest;
			};
			name = Release;
		};
/* End XCBuildConfiguration section */

/* Begin XCConfigurationList section */
		E7E43C9C158268C40032C411 /* Build configuration list for PBXProject "FlickMail" */ = {
			isa = XCConfigurationList;
			buildConfigurations = (
				E7E43CCD158268C80032C411 /* Debug */,
				E7E43CCE158268C80032C411 /* Release */,
			);
			defaultConfigurationIsVisible = 0;
			defaultConfigurationName = Debug;
		};
		E7E43CCF158268C80032C411 /* Build configuration list for PBXNativeTarget "FlickMail" */ = {
			isa = XCConfigurationList;
			buildConfigurations = (
				E7E43CD0158268C80032C411 /* Debug */,
				E7E43CD1158268C80032C411 /* Release */,
			);
			defaultConfigurationIsVisible = 0;
			defaultConfigurationName = Debug;
		};
		E7E43CD2158268C80032C411 /* Build configuration list for PBXNativeTarget "FlickMailTests" */ = {
			isa = XCConfigurationList;
			buildConfigurations = (
				E7E43CD3158268C80032C411 /* Debug */,
				E7E43CD4158268C80032C411 /* Release */,
			);
			defaultConfigurationIsVisible = 0;
			defaultConfigurationName = Debug;
		};
/* End XCConfigurationList section */
	};
	rootObject = E7E43C99158268C40032C411 /* Project object */;
}
